
Microsoft Visual Studio Solution File, Format Version 12.00
# Visual Studio Version 16
VisualStudioVersion = 16.0.31624.102
MinimumVisualStudioVersion = 10.0.40219.1
Project("{8BC9CEB8-8B4A-11D0-8D11-00A0C91BC942}") = "OpenCVTest", "OpenCVTest\OpenCVTest.vcxproj", "{BF686D09-6F4F-4683-B107-548FB84D2821}"
EndProject
Global
	GlobalSection(SolutionConfigurationPlatforms) = preSolution
		Debug|x64 = Debug|x64
		Debug|x86 = Debug|x86
		Release|x64 = Release|x64
		Release|x86 = Release|x86
	EndGlobalSection
	GlobalSection(ProjectConfigurationPlatforms) = postSolution
		{BF686D09-6F4F-4683-B107-548FB84D2821}.Debug|x64.ActiveCfg = Debug|x64
		{BF686D09-6F4F-4683-B107-548FB84D2821}.Debug|x64.Build.0 = Debug|x64
		{BF686D09-6F4F-4683-B107-548FB84D2821}.Debug|x86.ActiveCfg = Debug|Win32
		{BF686D09-6F4F-4683-B107-548FB84D2821}.Debug|x86.Build.0 = Debug|Win32
		{BF686D09-6F4F-4683-B107-548FB84D2821}.Release|x64.ActiveCfg = Release|x64
		{BF686D09-6F4F-4683-B107-548FB84D2821}.Release|x64.Build.0 = Release|x64
		{BF686D09-6F4F-4683-B107-548FB84D2821}.Release|x86.ActiveCfg = Release|Win32
		{BF686D09-6F4F-4683-B107-548FB84D2821}.Release|x86.Build.0 = Release|Win32
	EndGlobalSection
	GlobalSection(SolutionProperties) = preSolution
		HideSolutionNode = FALSE
	EndGlobalSection
	GlobalSection(ExtensibilityGlobals) = postSolution
		SolutionGuid = {F5C177C3-5836-4731-93F0-FB647557C834}
	EndGlobalSection
EndGlobal
